
Microsoft Visual Studio Solution File, Format Version 12.00
# Visual Studio Version 17
VisualStudioVersion = 17.7.34031.279
MinimumVisualStudioVersion = 10.0.40219.1
Project("{54A90642-561A-4BB1-A94E-469ADEE60C69}") = "hospitalmanagement", "HospitalManagement\hospitalmanagement.esproj", "{B383C41F-59BB-42B0-B7BF-674F874DB55C}"
EndProject
Global
	GlobalSection(SolutionConfigurationPlatforms) = preSolution
		Debug|Any CPU = Debug|Any CPU
		Release|Any CPU = Release|Any CPU
	EndGlobalSection
	GlobalSection(ProjectConfigurationPlatforms) = postSolution
		{B383C41F-59BB-42B0-B7BF-674F874DB55C}.Debug|Any CPU.ActiveCfg = Debug|Any CPU
		{B383C41F-59BB-42B0-B7BF-674F874DB55C}.Debug|Any CPU.Build.0 = Debug|Any CPU
		{B383C41F-59BB-42B0-B7BF-674F874DB55C}.Debug|Any CPU.Deploy.0 = Debug|Any CPU
		{B383C41F-59BB-42B0-B7BF-674F874DB55C}.Release|Any CPU.ActiveCfg = Release|Any CPU
		{B383C41F-59BB-42B0-B7BF-674F874DB55C}.Release|Any CPU.Build.0 = Release|Any CPU
		{B383C41F-59BB-42B0-B7BF-674F874DB55C}.Release|Any CPU.Deploy.0 = Release|Any CPU
	EndGlobalSection
	GlobalSection(SolutionProperties) = preSolution
		HideSolutionNode = FALSE
	EndGlobalSection
	GlobalSection(ExtensibilityGlobals) = postSolution
		SolutionGuid = {EABA1368-E642-402C-AE4E-CB3C8DFEB94F}
	EndGlobalSection
EndGlobal
